// !$*UTF8*$!
{
	archiveVersion = 1;
	classes = {
	};
	objectVersion = 51;
	objects = {

/* Begin PBXBuildFile section */
		95D77E38E2FAC96EDAECF5BF /* Pods_Swapp.framework in Frameworks */ = {isa = PBXBuildFile; fileRef = 9F43E8D98D89C2913CF1F47A /* Pods_Swapp.framework */; };
		97FD060B5C478AB4A84792AD /* Pods_SwappTests.framework in Frameworks */ = {isa = PBXBuildFile; fileRef = 02C32532F4D7897F0AAE9F12 /* Pods_SwappTests.framework */; };
		D782AACD2334C1F400FC28F9 /* CategoriesCoordinator.swift in Sources */ = {isa = PBXBuildFile; fileRef = D782AACC2334C1F400FC28F9 /* CategoriesCoordinator.swift */; };
		D782AACF2334C47300FC28F9 /* SearchCoordinator.swift in Sources */ = {isa = PBXBuildFile; fileRef = D782AACE2334C47300FC28F9 /* SearchCoordinator.swift */; };
		D782AAD22334CD2700FC28F9 /* StoresController.swift in Sources */ = {isa = PBXBuildFile; fileRef = D782AAD12334CD2700FC28F9 /* StoresController.swift */; };
		D782AAD52337875300FC28F9 /* Cart.swift in Sources */ = {isa = PBXBuildFile; fileRef = D782AAD42337875300FC28F9 /* Cart.swift */; };
		D782AAD7233793DC00FC28F9 /* CartTests.swift in Sources */ = {isa = PBXBuildFile; fileRef = D782AAD6233793DC00FC28F9 /* CartTests.swift */; };
		D782AAD923379A8000FC28F9 /* StoresViewModel.swift in Sources */ = {isa = PBXBuildFile; fileRef = D782AAD823379A8000FC28F9 /* StoresViewModel.swift */; };
		D782AADD2337A1E000FC28F9 /* StoreCell.swift in Sources */ = {isa = PBXBuildFile; fileRef = D782AADB2337A1E000FC28F9 /* StoreCell.swift */; };
		D782AADE2337A1E000FC28F9 /* StoreCell.xib in Resources */ = {isa = PBXBuildFile; fileRef = D782AADC2337A1E000FC28F9 /* StoreCell.xib */; };
		D782AAE02337A60D00FC28F9 /* Extensions+Rx.swift in Sources */ = {isa = PBXBuildFile; fileRef = D782AADF2337A60D00FC28F9 /* Extensions+Rx.swift */; };
		D782AAE22338AE9800FC28F9 /* APIKey.swift in Sources */ = {isa = PBXBuildFile; fileRef = D782AAE12338AE9800FC28F9 /* APIKey.swift */; };
		D7CE2D592330E64200E4434B /* AppDelegate.swift in Sources */ = {isa = PBXBuildFile; fileRef = D7CE2D582330E64200E4434B /* AppDelegate.swift */; };
		D7CE2D602330E64200E4434B /* Main.storyboard in Resources */ = {isa = PBXBuildFile; fileRef = D7CE2D5E2330E64200E4434B /* Main.storyboard */; };
		D7CE2D622330E64400E4434B /* Assets.xcassets in Resources */ = {isa = PBXBuildFile; fileRef = D7CE2D612330E64400E4434B /* Assets.xcassets */; };
		D7CE2D652330E64400E4434B /* LaunchScreen.storyboard in Resources */ = {isa = PBXBuildFile; fileRef = D7CE2D632330E64400E4434B /* LaunchScreen.storyboard */; };
		D7CE2D7C2331154700E4434B /* ApplicationCoordinator.swift in Sources */ = {isa = PBXBuildFile; fileRef = D7CE2D7B2331154700E4434B /* ApplicationCoordinator.swift */; };
		D7CE2D80233117C200E4434B /* CategoriesController.swift in Sources */ = {isa = PBXBuildFile; fileRef = D7CE2D7F233117C200E4434B /* CategoriesController.swift */; };
		D7CE2D832331180900E4434B /* Storyboard.swift in Sources */ = {isa = PBXBuildFile; fileRef = D7CE2D822331180900E4434B /* Storyboard.swift */; };
		D7CE2D852331183C00E4434B /* Categories.storyboard in Resources */ = {isa = PBXBuildFile; fileRef = D7CE2D842331183C00E4434B /* Categories.storyboard */; };
		D7CE2D88233118CF00E4434B /* UIViewController+Extensions.swift in Sources */ = {isa = PBXBuildFile; fileRef = D7CE2D87233118CF00E4434B /* UIViewController+Extensions.swift */; };
		D7CE2D8A233119AF00E4434B /* UITableView+Extensions.swift in Sources */ = {isa = PBXBuildFile; fileRef = D7CE2D89233119AF00E4434B /* UITableView+Extensions.swift */; };
		D7CE2D8D23311BF600E4434B /* MainTabController.swift in Sources */ = {isa = PBXBuildFile; fileRef = D7CE2D8C23311BF600E4434B /* MainTabController.swift */; };
		D7CE2D902331252400E4434B /* SearchController.swift in Sources */ = {isa = PBXBuildFile; fileRef = D7CE2D8F2331252400E4434B /* SearchController.swift */; };
		D7CE2D922331255F00E4434B /* Search.storyboard in Resources */ = {isa = PBXBuildFile; fileRef = D7CE2D912331255F00E4434B /* Search.storyboard */; };
		D7CE2D952332222000E4434B /* Request.swift in Sources */ = {isa = PBXBuildFile; fileRef = D7CE2D942332222000E4434B /* Request.swift */; };
		D7CE2D98233222FC00E4434B /* Environment.swift in Sources */ = {isa = PBXBuildFile; fileRef = D7CE2D97233222FC00E4434B /* Environment.swift */; };
		D7CE2D9A233223BC00E4434B /* NetworkSession.swift in Sources */ = {isa = PBXBuildFile; fileRef = D7CE2D99233223BC00E4434B /* NetworkSession.swift */; };
		D7CE2D9C2332241A00E4434B /* SessionConfiguration.swift in Sources */ = {isa = PBXBuildFile; fileRef = D7CE2D9B2332241A00E4434B /* SessionConfiguration.swift */; };
		D7CE2D9F2332268300E4434B /* CategoriesRequests.swift in Sources */ = {isa = PBXBuildFile; fileRef = D7CE2D9E2332268300E4434B /* CategoriesRequests.swift */; };
		D7CE2DA2233227D400E4434B /* Category.swift in Sources */ = {isa = PBXBuildFile; fileRef = D7CE2DA1233227D400E4434B /* Category.swift */; };
		D7CE2DA42332290400E4434B /* Dispatcher.swift in Sources */ = {isa = PBXBuildFile; fileRef = D7CE2DA32332290400E4434B /* Dispatcher.swift */; };
		D7CE2DA6233229CA00E4434B /* Response.swift in Sources */ = {isa = PBXBuildFile; fileRef = D7CE2DA5233229CA00E4434B /* Response.swift */; };
		D7CE2DA82332308100E4434B /* HTTPOperation.swift in Sources */ = {isa = PBXBuildFile; fileRef = D7CE2DA72332308100E4434B /* HTTPOperation.swift */; };
		D7CE2DAB2332368300E4434B /* APIService.swift in Sources */ = {isa = PBXBuildFile; fileRef = D7CE2DAA2332368300E4434B /* APIService.swift */; };
		D7CE2DD123325CFD00E4434B /* CategoriesViewModel.swift in Sources */ = {isa = PBXBuildFile; fileRef = D7CE2DD023325CFD00E4434B /* CategoriesViewModel.swift */; };
		D7CE2DD32332609200E4434B /* Store.swift in Sources */ = {isa = PBXBuildFile; fileRef = D7CE2DD22332609200E4434B /* Store.swift */; };
		D7CE2DD7233383BF00E4434B /* CategoryCell.swift in Sources */ = {isa = PBXBuildFile; fileRef = D7CE2DD5233383BF00E4434B /* CategoryCell.swift */; };
		D7CE2DD8233383BF00E4434B /* CategoryCell.xib in Resources */ = {isa = PBXBuildFile; fileRef = D7CE2DD6233383BF00E4434B /* CategoryCell.xib */; };
/* End PBXBuildFile section */

/* Begin PBXContainerItemProxy section */
		D7CE2D6C2330E64400E4434B /* PBXContainerItemProxy */ = {
			isa = PBXContainerItemProxy;
			containerPortal = D7CE2D4D2330E64200E4434B /* Project object */;
			proxyType = 1;
			remoteGlobalIDString = D7CE2D542330E64200E4434B;
			remoteInfo = Swapp;
		};
/* End PBXContainerItemProxy section */

/* Begin PBXFileReference section */
		02C32532F4D7897F0AAE9F12 /* Pods_SwappTests.framework */ = {isa = PBXFileReference; explicitFileType = wrapper.framework; includeInIndex = 0; path = Pods_SwappTests.framework; sourceTree = BUILT_PRODUCTS_DIR; };
		05CF8DBE00E7ACDE7574D3BD /* Pods-SwappTests.release.xcconfig */ = {isa = PBXFileReference; includeInIndex = 1; lastKnownFileType = text.xcconfig; name = "Pods-SwappTests.release.xcconfig"; path = "Target Support Files/Pods-SwappTests/Pods-SwappTests.release.xcconfig"; sourceTree = "<group>"; };
		0AD2BFCB56ABE231CC7A267F /* Pods-Swapp.release.xcconfig */ = {isa = PBXFileReference; includeInIndex = 1; lastKnownFileType = text.xcconfig; name = "Pods-Swapp.release.xcconfig"; path = "Target Support Files/Pods-Swapp/Pods-Swapp.release.xcconfig"; sourceTree = "<group>"; };
		7C453000D5EAA2ADD9939687 /* Pods-SwappTests.debug.xcconfig */ = {isa = PBXFileReference; includeInIndex = 1; lastKnownFileType = text.xcconfig; name = "Pods-SwappTests.debug.xcconfig"; path = "Target Support Files/Pods-SwappTests/Pods-SwappTests.debug.xcconfig"; sourceTree = "<group>"; };
		9F43E8D98D89C2913CF1F47A /* Pods_Swapp.framework */ = {isa = PBXFileReference; explicitFileType = wrapper.framework; includeInIndex = 0; path = Pods_Swapp.framework; sourceTree = BUILT_PRODUCTS_DIR; };
		D782AACC2334C1F400FC28F9 /* CategoriesCoordinator.swift */ = {isa = PBXFileReference; lastKnownFileType = sourcecode.swift; path = CategoriesCoordinator.swift; sourceTree = "<group>"; };
		D782AACE2334C47300FC28F9 /* SearchCoordinator.swift */ = {isa = PBXFileReference; lastKnownFileType = sourcecode.swift; path = SearchCoordinator.swift; sourceTree = "<group>"; };
		D782AAD12334CD2700FC28F9 /* StoresController.swift */ = {isa = PBXFileReference; lastKnownFileType = sourcecode.swift; path = StoresController.swift; sourceTree = "<group>"; };
		D782AAD42337875300FC28F9 /* Cart.swift */ = {isa = PBXFileReference; lastKnownFileType = sourcecode.swift; path = Cart.swift; sourceTree = "<group>"; };
		D782AAD6233793DC00FC28F9 /* CartTests.swift */ = {isa = PBXFileReference; lastKnownFileType = sourcecode.swift; path = CartTests.swift; sourceTree = "<group>"; };
		D782AAD823379A8000FC28F9 /* StoresViewModel.swift */ = {isa = PBXFileReference; lastKnownFileType = sourcecode.swift; path = StoresViewModel.swift; sourceTree = "<group>"; };
		D782AADB2337A1E000FC28F9 /* StoreCell.swift */ = {isa = PBXFileReference; lastKnownFileType = sourcecode.swift; path = StoreCell.swift; sourceTree = "<group>"; };
		D782AADC2337A1E000FC28F9 /* StoreCell.xib */ = {isa = PBXFileReference; lastKnownFileType = file.xib; path = StoreCell.xib; sourceTree = "<group>"; };
		D782AADF2337A60D00FC28F9 /* Extensions+Rx.swift */ = {isa = PBXFileReference; lastKnownFileType = sourcecode.swift; path = "Extensions+Rx.swift"; sourceTree = "<group>"; };
		D782AAE12338AE9800FC28F9 /* APIKey.swift */ = {isa = PBXFileReference; lastKnownFileType = sourcecode.swift; path = APIKey.swift; sourceTree = "<group>"; };
		D7CE2D552330E64200E4434B /* Swapp.app */ = {isa = PBXFileReference; explicitFileType = wrapper.application; includeInIndex = 0; path = Swapp.app; sourceTree = BUILT_PRODUCTS_DIR; };
		D7CE2D582330E64200E4434B /* AppDelegate.swift */ = {isa = PBXFileReference; lastKnownFileType = sourcecode.swift; path = AppDelegate.swift; sourceTree = "<group>"; };
		D7CE2D5F2330E64200E4434B /* Base */ = {isa = PBXFileReference; lastKnownFileType = file.storyboard; name = Base; path = Base.lproj/Main.storyboard; sourceTree = "<group>"; };
		D7CE2D612330E64400E4434B /* Assets.xcassets */ = {isa = PBXFileReference; lastKnownFileType = folder.assetcatalog; path = Assets.xcassets; sourceTree = "<group>"; };
		D7CE2D642330E64400E4434B /* Base */ = {isa = PBXFileReference; lastKnownFileType = file.storyboard; name = Base; path = Base.lproj/LaunchScreen.storyboard; sourceTree = "<group>"; };
		D7CE2D662330E64400E4434B /* Info.plist */ = {isa = PBXFileReference; lastKnownFileType = text.plist.xml; path = Info.plist; sourceTree = "<group>"; };
		D7CE2D6B2330E64400E4434B /* SwappTests.xctest */ = {isa = PBXFileReference; explicitFileType = wrapper.cfbundle; includeInIndex = 0; path = SwappTests.xctest; sourceTree = BUILT_PRODUCTS_DIR; };
		D7CE2D712330E64400E4434B /* Info.plist */ = {isa = PBXFileReference; lastKnownFileType = text.plist.xml; path = Info.plist; sourceTree = "<group>"; };
		D7CE2D7B2331154700E4434B /* ApplicationCoordinator.swift */ = {isa = PBXFileReference; lastKnownFileType = sourcecode.swift; path = ApplicationCoordinator.swift; sourceTree = "<group>"; };
		D7CE2D7F233117C200E4434B /* CategoriesController.swift */ = {isa = PBXFileReference; lastKnownFileType = sourcecode.swift; path = CategoriesController.swift; sourceTree = "<group>"; };
		D7CE2D822331180900E4434B /* Storyboard.swift */ = {isa = PBXFileReference; lastKnownFileType = sourcecode.swift; path = Storyboard.swift; sourceTree = "<group>"; };
		D7CE2D842331183C00E4434B /* Categories.storyboard */ = {isa = PBXFileReference; lastKnownFileType = file.storyboard; path = Categories.storyboard; sourceTree = "<group>"; };
		D7CE2D87233118CF00E4434B /* UIViewController+Extensions.swift */ = {isa = PBXFileReference; lastKnownFileType = sourcecode.swift; path = "UIViewController+Extensions.swift"; sourceTree = "<group>"; };
		D7CE2D89233119AF00E4434B /* UITableView+Extensions.swift */ = {isa = PBXFileReference; lastKnownFileType = sourcecode.swift; path = "UITableView+Extensions.swift"; sourceTree = "<group>"; };
		D7CE2D8C23311BF600E4434B /* MainTabController.swift */ = {isa = PBXFileReference; lastKnownFileType = sourcecode.swift; path = MainTabController.swift; sourceTree = "<group>"; };
		D7CE2D8F2331252400E4434B /* SearchController.swift */ = {isa = PBXFileReference; lastKnownFileType = sourcecode.swift; path = SearchController.swift; sourceTree = "<group>"; };
		D7CE2D912331255F00E4434B /* Search.storyboard */ = {isa = PBXFileReference; lastKnownFileType = file.storyboard; path = Search.storyboard; sourceTree = "<group>"; };
		D7CE2D942332222000E4434B /* Request.swift */ = {isa = PBXFileReference; lastKnownFileType = sourcecode.swift; path = Request.swift; sourceTree = "<group>"; };
		D7CE2D97233222FC00E4434B /* Environment.swift */ = {isa = PBXFileReference; lastKnownFileType = sourcecode.swift; path = Environment.swift; sourceTree = "<group>"; };
		D7CE2D99233223BC00E4434B /* NetworkSession.swift */ = {isa = PBXFileReference; lastKnownFileType = sourcecode.swift; path = NetworkSession.swift; sourceTree = "<group>"; };
		D7CE2D9B2332241A00E4434B /* SessionConfiguration.swift */ = {isa = PBXFileReference; lastKnownFileType = sourcecode.swift; path = SessionConfiguration.swift; sourceTree = "<group>"; };
		D7CE2D9E2332268300E4434B /* CategoriesRequests.swift */ = {isa = PBXFileReference; lastKnownFileType = sourcecode.swift; path = CategoriesRequests.swift; sourceTree = "<group>"; };
		D7CE2DA1233227D400E4434B /* Category.swift */ = {isa = PBXFileReference; lastKnownFileType = sourcecode.swift; path = Category.swift; sourceTree = "<group>"; };
		D7CE2DA32332290400E4434B /* Dispatcher.swift */ = {isa = PBXFileReference; lastKnownFileType = sourcecode.swift; path = Dispatcher.swift; sourceTree = "<group>"; };
		D7CE2DA5233229CA00E4434B /* Response.swift */ = {isa = PBXFileReference; lastKnownFileType = sourcecode.swift; path = Response.swift; sourceTree = "<group>"; };
		D7CE2DA72332308100E4434B /* HTTPOperation.swift */ = {isa = PBXFileReference; lastKnownFileType = sourcecode.swift; path = HTTPOperation.swift; sourceTree = "<group>"; };
		D7CE2DAA2332368300E4434B /* APIService.swift */ = {isa = PBXFileReference; lastKnownFileType = sourcecode.swift; path = APIService.swift; sourceTree = "<group>"; };
		D7CE2DD023325CFD00E4434B /* CategoriesViewModel.swift */ = {isa = PBXFileReference; lastKnownFileType = sourcecode.swift; path = CategoriesViewModel.swift; sourceTree = "<group>"; };
		D7CE2DD22332609200E4434B /* Store.swift */ = {isa = PBXFileReference; lastKnownFileType = sourcecode.swift; path = Store.swift; sourceTree = "<group>"; };
		D7CE2DD5233383BF00E4434B /* CategoryCell.swift */ = {isa = PBXFileReference; lastKnownFileType = sourcecode.swift; path = CategoryCell.swift; sourceTree = "<group>"; };
		D7CE2DD6233383BF00E4434B /* CategoryCell.xib */ = {isa = PBXFileReference; lastKnownFileType = file.xib; path = CategoryCell.xib; sourceTree = "<group>"; };
		E8FA6C16B24DC79DE0ECF7A2 /* Pods-Swapp.debug.xcconfig */ = {isa = PBXFileReference; includeInIndex = 1; lastKnownFileType = text.xcconfig; name = "Pods-Swapp.debug.xcconfig"; path = "Target Support Files/Pods-Swapp/Pods-Swapp.debug.xcconfig"; sourceTree = "<group>"; };
/* End PBXFileReference section */

/* Begin PBXFrameworksBuildPhase section */
		D7CE2D522330E64200E4434B /* Frameworks */ = {
			isa = PBXFrameworksBuildPhase;
			buildActionMask = 2147483647;
			files = (
				95D77E38E2FAC96EDAECF5BF /* Pods_Swapp.framework in Frameworks */,
			);
			runOnlyForDeploymentPostprocessing = 0;
		};
		D7CE2D682330E64400E4434B /* Frameworks */ = {
			isa = PBXFrameworksBuildPhase;
			buildActionMask = 2147483647;
			files = (
				97FD060B5C478AB4A84792AD /* Pods_SwappTests.framework in Frameworks */,
			);
			runOnlyForDeploymentPostprocessing = 0;
		};
/* End PBXFrameworksBuildPhase section */

/* Begin PBXGroup section */
		829539E7F3519B763D839E02 /* Frameworks */ = {
			isa = PBXGroup;
			children = (
				9F43E8D98D89C2913CF1F47A /* Pods_Swapp.framework */,
				02C32532F4D7897F0AAE9F12 /* Pods_SwappTests.framework */,
			);
			name = Frameworks;
			sourceTree = "<group>";
		};
		D782AACB2334C1E600FC28F9 /* Coordinators */ = {
			isa = PBXGroup;
			children = (
				D782AACC2334C1F400FC28F9 /* CategoriesCoordinator.swift */,
				D782AACE2334C47300FC28F9 /* SearchCoordinator.swift */,
			);
			path = Coordinators;
			sourceTree = "<group>";
		};
		D782AAD02334CD0D00FC28F9 /* StoresView */ = {
			isa = PBXGroup;
			children = (
				D782AADA2337A1C600FC28F9 /* UI */,
				D782AAD12334CD2700FC28F9 /* StoresController.swift */,
				D782AAD823379A8000FC28F9 /* StoresViewModel.swift */,
			);
			path = StoresView;
			sourceTree = "<group>";
		};
		D782AAD32337874A00FC28F9 /* Cart */ = {
			isa = PBXGroup;
			children = (
				D782AAD42337875300FC28F9 /* Cart.swift */,
			);
			path = Cart;
			sourceTree = "<group>";
		};
		D782AADA2337A1C600FC28F9 /* UI */ = {
			isa = PBXGroup;
			children = (
				D782AADB2337A1E000FC28F9 /* StoreCell.swift */,
				D782AADC2337A1E000FC28F9 /* StoreCell.xib */,
			);
			path = UI;
			sourceTree = "<group>";
		};
		D7CE2D4C2330E64200E4434B = {
			isa = PBXGroup;
			children = (
				D7CE2D572330E64200E4434B /* Swapp */,
				D7CE2D6E2330E64400E4434B /* SwappTests */,
				D7CE2D562330E64200E4434B /* Products */,
				EEED4634E89FE13AF8578566 /* Pods */,
				829539E7F3519B763D839E02 /* Frameworks */,
			);
			sourceTree = "<group>";
		};
		D7CE2D562330E64200E4434B /* Products */ = {
			isa = PBXGroup;
			children = (
				D7CE2D552330E64200E4434B /* Swapp.app */,
				D7CE2D6B2330E64400E4434B /* SwappTests.xctest */,
			);
			name = Products;
			sourceTree = "<group>";
		};
		D7CE2D572330E64200E4434B /* Swapp */ = {
			isa = PBXGroup;
			children = (
				D782AAD32337874A00FC28F9 /* Cart */,
				D7CE2D7A2330E68100E4434B /* Application */,
				D7CE2D612330E64400E4434B /* Assets.xcassets */,
				D7CE2D862331188B00E4434B /* Extensions */,
				D7CE2D662330E64400E4434B /* Info.plist */,
				D7CE2DA0233227C100E4434B /* Model */,
				D7CE2D93233221DE00E4434B /* Network */,
				D7CE2D81233117E200E4434B /* Storyboards */,
				D7CE2D7D2331172600E4434B /* Views */,
			);
			path = Swapp;
			sourceTree = "<group>";
		};
		D7CE2D6E2330E64400E4434B /* SwappTests */ = {
			isa = PBXGroup;
			children = (
				D7CE2D712330E64400E4434B /* Info.plist */,
				D782AAD6233793DC00FC28F9 /* CartTests.swift */,
			);
			path = SwappTests;
			sourceTree = "<group>";
		};
		D7CE2D7A2330E68100E4434B /* Application */ = {
			isa = PBXGroup;
			children = (
				D7CE2D582330E64200E4434B /* AppDelegate.swift */,
				D7CE2D7B2331154700E4434B /* ApplicationCoordinator.swift */,
			);
			path = Application;
			sourceTree = "<group>";
		};
		D7CE2D7D2331172600E4434B /* Views */ = {
			isa = PBXGroup;
			children = (
				D7CE2D7E2331178C00E4434B /* CategoryView */,
				D782AACB2334C1E600FC28F9 /* Coordinators */,
				D7CE2D8E2331251300E4434B /* SearchView */,
				D782AAD02334CD0D00FC28F9 /* StoresView */,
				D7CE2D8B23311BE300E4434B /* Tabbar */,
			);
			path = Views;
			sourceTree = "<group>";
		};
		D7CE2D7E2331178C00E4434B /* CategoryView */ = {
			isa = PBXGroup;
			children = (
				D7CE2DD4233383AB00E4434B /* UI */,
				D7CE2D7F233117C200E4434B /* CategoriesController.swift */,
				D7CE2DD023325CFD00E4434B /* CategoriesViewModel.swift */,
			);
			path = CategoryView;
			sourceTree = "<group>";
		};
		D7CE2D81233117E200E4434B /* Storyboards */ = {
			isa = PBXGroup;
			children = (
				D7CE2D5E2330E64200E4434B /* Main.storyboard */,
				D7CE2D632330E64400E4434B /* LaunchScreen.storyboard */,
				D7CE2D822331180900E4434B /* Storyboard.swift */,
				D7CE2D842331183C00E4434B /* Categories.storyboard */,
				D7CE2D912331255F00E4434B /* Search.storyboard */,
			);
			path = Storyboards;
			sourceTree = "<group>";
		};
		D7CE2D862331188B00E4434B /* Extensions */ = {
			isa = PBXGroup;
			children = (
				D7CE2D87233118CF00E4434B /* UIViewController+Extensions.swift */,
				D782AADF2337A60D00FC28F9 /* Extensions+Rx.swift */,
				D7CE2D89233119AF00E4434B /* UITableView+Extensions.swift */,
			);
			path = Extensions;
			sourceTree = "<group>";
		};
		D7CE2D8B23311BE300E4434B /* Tabbar */ = {
			isa = PBXGroup;
			children = (
				D7CE2D8C23311BF600E4434B /* MainTabController.swift */,
			);
			path = Tabbar;
			sourceTree = "<group>";
		};
		D7CE2D8E2331251300E4434B /* SearchView */ = {
			isa = PBXGroup;
			children = (
				D7CE2D8F2331252400E4434B /* SearchController.swift */,
			);
			path = SearchView;
			sourceTree = "<group>";
		};
		D7CE2D93233221DE00E4434B /* Network */ = {
			isa = PBXGroup;
			children = (
				D7CE2D9D2332267700E4434B /* Requests */,
				D7CE2D96233222E300E4434B /* Infrastracture */,
				D7CE2DAA2332368300E4434B /* APIService.swift */,
				D782AAE12338AE9800FC28F9 /* APIKey.swift */,
			);
			path = Network;
			sourceTree = "<group>";
		};
		D7CE2D96233222E300E4434B /* Infrastracture */ = {
			isa = PBXGroup;
			children = (
				D7CE2D942332222000E4434B /* Request.swift */,
				D7CE2D97233222FC00E4434B /* Environment.swift */,
				D7CE2D99233223BC00E4434B /* NetworkSession.swift */,
				D7CE2D9B2332241A00E4434B /* SessionConfiguration.swift */,
				D7CE2DA32332290400E4434B /* Dispatcher.swift */,
				D7CE2DA5233229CA00E4434B /* Response.swift */,
				D7CE2DA72332308100E4434B /* HTTPOperation.swift */,
			);
			path = Infrastracture;
			sourceTree = "<group>";
		};
		D7CE2D9D2332267700E4434B /* Requests */ = {
			isa = PBXGroup;
			children = (
				D7CE2D9E2332268300E4434B /* CategoriesRequests.swift */,
			);
			path = Requests;
			sourceTree = "<group>";
		};
		D7CE2DA0233227C100E4434B /* Model */ = {
			isa = PBXGroup;
			children = (
				D7CE2DA1233227D400E4434B /* Category.swift */,
				D7CE2DD22332609200E4434B /* Store.swift */,
			);
			path = Model;
			sourceTree = "<group>";
		};
		D7CE2DD4233383AB00E4434B /* UI */ = {
			isa = PBXGroup;
			children = (
				D7CE2DD5233383BF00E4434B /* CategoryCell.swift */,
				D7CE2DD6233383BF00E4434B /* CategoryCell.xib */,
			);
			path = UI;
			sourceTree = "<group>";
		};
		EEED4634E89FE13AF8578566 /* Pods */ = {
			isa = PBXGroup;
			children = (
				E8FA6C16B24DC79DE0ECF7A2 /* Pods-Swapp.debug.xcconfig */,
				0AD2BFCB56ABE231CC7A267F /* Pods-Swapp.release.xcconfig */,
				7C453000D5EAA2ADD9939687 /* Pods-SwappTests.debug.xcconfig */,
				05CF8DBE00E7ACDE7574D3BD /* Pods-SwappTests.release.xcconfig */,
			);
			path = Pods;
			sourceTree = "<group>";
		};
/* End PBXGroup section */

/* Begin PBXNativeTarget section */
		D7CE2D542330E64200E4434B /* Swapp */ = {
			isa = PBXNativeTarget;
			buildConfigurationList = D7CE2D742330E64400E4434B /* Build configuration list for PBXNativeTarget "Swapp" */;
			buildPhases = (
				CA92359C4D060DF8F99A25A4 /* [CP] Check Pods Manifest.lock */,
				D7CE2D512330E64200E4434B /* Sources */,
				D7CE2D522330E64200E4434B /* Frameworks */,
				D7CE2D532330E64200E4434B /* Resources */,
				C41016E28A6C0F873AE9092A /* [CP] Embed Pods Frameworks */,
			);
			buildRules = (
			);
			dependencies = (
			);
			name = Swapp;
			productName = Swapp;
			productReference = D7CE2D552330E64200E4434B /* Swapp.app */;
			productType = "com.apple.product-type.application";
		};
		D7CE2D6A2330E64400E4434B /* SwappTests */ = {
			isa = PBXNativeTarget;
			buildConfigurationList = D7CE2D772330E64400E4434B /* Build configuration list for PBXNativeTarget "SwappTests" */;
			buildPhases = (
				CC11373D0217A5C80201940D /* [CP] Check Pods Manifest.lock */,
				D7CE2D672330E64400E4434B /* Sources */,
				D7CE2D682330E64400E4434B /* Frameworks */,
				D7CE2D692330E64400E4434B /* Resources */,
			);
			buildRules = (
			);
			dependencies = (
				D7CE2D6D2330E64400E4434B /* PBXTargetDependency */,
			);
			name = SwappTests;
			productName = SwappTests;
			productReference = D7CE2D6B2330E64400E4434B /* SwappTests.xctest */;
			productType = "com.apple.product-type.bundle.unit-test";
		};
/* End PBXNativeTarget section */

/* Begin PBXProject section */
		D7CE2D4D2330E64200E4434B /* Project object */ = {
			isa = PBXProject;
			attributes = {
				LastSwiftUpdateCheck = 1100;
				LastUpgradeCheck = 1100;
				ORGANIZATIONNAME = "Hussein Jaber";
				TargetAttributes = {
					D7CE2D542330E64200E4434B = {
						CreatedOnToolsVersion = 11.0;
					};
					D7CE2D6A2330E64400E4434B = {
						CreatedOnToolsVersion = 11.0;
						TestTargetID = D7CE2D542330E64200E4434B;
					};
				};
			};
			buildConfigurationList = D7CE2D502330E64200E4434B /* Build configuration list for PBXProject "Swapp" */;
			compatibilityVersion = "Xcode 9.3";
			developmentRegion = en;
			hasScannedForEncodings = 0;
			knownRegions = (
				en,
				Base,
			);
			mainGroup = D7CE2D4C2330E64200E4434B;
			productRefGroup = D7CE2D562330E64200E4434B /* Products */;
			projectDirPath = "";
			projectRoot = "";
			targets = (
				D7CE2D542330E64200E4434B /* Swapp */,
				D7CE2D6A2330E64400E4434B /* SwappTests */,
			);
		};
/* End PBXProject section */

/* Begin PBXResourcesBuildPhase section */
		D7CE2D532330E64200E4434B /* Resources */ = {
			isa = PBXResourcesBuildPhase;
			buildActionMask = 2147483647;
			files = (
				D7CE2D652330E64400E4434B /* LaunchScreen.storyboard in Resources */,
				D782AADE2337A1E000FC28F9 /* StoreCell.xib in Resources */,
				D7CE2DD8233383BF00E4434B /* CategoryCell.xib in Resources */,
				D7CE2D622330E64400E4434B /* Assets.xcassets in Resources */,
				D7CE2D852331183C00E4434B /* Categories.storyboard in Resources */,
				D7CE2D602330E64200E4434B /* Main.storyboard in Resources */,
				D7CE2D922331255F00E4434B /* Search.storyboard in Resources */,
			);
			runOnlyForDeploymentPostprocessing = 0;
		};
		D7CE2D692330E64400E4434B /* Resources */ = {
			isa = PBXResourcesBuildPhase;
			buildActionMask = 2147483647;
			files = (
			);
			runOnlyForDeploymentPostprocessing = 0;
		};
/* End PBXResourcesBuildPhase section */

/* Begin PBXShellScriptBuildPhase section */
		C41016E28A6C0F873AE9092A /* [CP] Embed Pods Frameworks */ = {
			isa = PBXShellScriptBuildPhase;
			buildActionMask = 2147483647;
			files = (
			);
			inputFileListPaths = (
				"${PODS_ROOT}/Target Support Files/Pods-Swapp/Pods-Swapp-frameworks-${CONFIGURATION}-input-files.xcfilelist",
			);
			name = "[CP] Embed Pods Frameworks";
			outputFileListPaths = (
				"${PODS_ROOT}/Target Support Files/Pods-Swapp/Pods-Swapp-frameworks-${CONFIGURATION}-output-files.xcfilelist",
			);
			runOnlyForDeploymentPostprocessing = 0;
			shellPath = /bin/sh;
			shellScript = "\"${PODS_ROOT}/Target Support Files/Pods-Swapp/Pods-Swapp-frameworks.sh\"\n";
			showEnvVarsInLog = 0;
		};
		CA92359C4D060DF8F99A25A4 /* [CP] Check Pods Manifest.lock */ = {
			isa = PBXShellScriptBuildPhase;
			buildActionMask = 2147483647;
			files = (
			);
			inputFileListPaths = (
			);
			inputPaths = (
				"${PODS_PODFILE_DIR_PATH}/Podfile.lock",
				"${PODS_ROOT}/Manifest.lock",
			);
			name = "[CP] Check Pods Manifest.lock";
			outputFileListPaths = (
			);
			outputPaths = (
				"$(DERIVED_FILE_DIR)/Pods-Swapp-checkManifestLockResult.txt",
			);
			runOnlyForDeploymentPostprocessing = 0;
			shellPath = /bin/sh;
			shellScript = "diff \"${PODS_PODFILE_DIR_PATH}/Podfile.lock\" \"${PODS_ROOT}/Manifest.lock\" > /dev/null\nif [ $? != 0 ] ; then\n    # print error to STDERR\n    echo \"error: The sandbox is not in sync with the Podfile.lock. Run 'pod install' or update your CocoaPods installation.\" >&2\n    exit 1\nfi\n# This output is used by Xcode 'outputs' to avoid re-running this script phase.\necho \"SUCCESS\" > \"${SCRIPT_OUTPUT_FILE_0}\"\n";
			showEnvVarsInLog = 0;
		};
		CC11373D0217A5C80201940D /* [CP] Check Pods Manifest.lock */ = {
			isa = PBXShellScriptBuildPhase;
			buildActionMask = 2147483647;
			files = (
			);
			inputFileListPaths = (
			);
			inputPaths = (
				"${PODS_PODFILE_DIR_PATH}/Podfile.lock",
				"${PODS_ROOT}/Manifest.lock",
			);
			name = "[CP] Check Pods Manifest.lock";
			outputFileListPaths = (
			);
			outputPaths = (
				"$(DERIVED_FILE_DIR)/Pods-SwappTests-checkManifestLockResult.txt",
			);
			runOnlyForDeploymentPostprocessing = 0;
			shellPath = /bin/sh;
			shellScript = "diff \"${PODS_PODFILE_DIR_PATH}/Podfile.lock\" \"${PODS_ROOT}/Manifest.lock\" > /dev/null\nif [ $? != 0 ] ; then\n    # print error to STDERR\n    echo \"error: The sandbox is not in sync with the Podfile.lock. Run 'pod install' or update your CocoaPods installation.\" >&2\n    exit 1\nfi\n# This output is used by Xcode 'outputs' to avoid re-running this script phase.\necho \"SUCCESS\" > \"${SCRIPT_OUTPUT_FILE_0}\"\n";
			showEnvVarsInLog = 0;
		};
/* End PBXShellScriptBuildPhase section */

/* Begin PBXSourcesBuildPhase section */
		D7CE2D512330E64200E4434B /* Sources */ = {
			isa = PBXSourcesBuildPhase;
			buildActionMask = 2147483647;
			files = (
				D7CE2D9F2332268300E4434B /* CategoriesRequests.swift in Sources */,
				D7CE2D832331180900E4434B /* Storyboard.swift in Sources */,
				D782AAD52337875300FC28F9 /* Cart.swift in Sources */,
				D7CE2DA82332308100E4434B /* HTTPOperation.swift in Sources */,
				D7CE2D9C2332241A00E4434B /* SessionConfiguration.swift in Sources */,
				D782AACD2334C1F400FC28F9 /* CategoriesCoordinator.swift in Sources */,
				D782AAD22334CD2700FC28F9 /* StoresController.swift in Sources */,
				D7CE2D80233117C200E4434B /* CategoriesController.swift in Sources */,
				D782AAD923379A8000FC28F9 /* StoresViewModel.swift in Sources */,
				D7CE2D8D23311BF600E4434B /* MainTabController.swift in Sources */,
				D7CE2D9A233223BC00E4434B /* NetworkSession.swift in Sources */,
				D782AACF2334C47300FC28F9 /* SearchCoordinator.swift in Sources */,
				D7CE2D902331252400E4434B /* SearchController.swift in Sources */,
				D7CE2D88233118CF00E4434B /* UIViewController+Extensions.swift in Sources */,
				D782AADD2337A1E000FC28F9 /* StoreCell.swift in Sources */,
				D7CE2DA6233229CA00E4434B /* Response.swift in Sources */,
				D7CE2D8A233119AF00E4434B /* UITableView+Extensions.swift in Sources */,
				D7CE2D592330E64200E4434B /* AppDelegate.swift in Sources */,
				D7CE2D952332222000E4434B /* Request.swift in Sources */,
				D782AAE22338AE9800FC28F9 /* APIKey.swift in Sources */,
				D782AAE02337A60D00FC28F9 /* Extensions+Rx.swift in Sources */,
				D7CE2D7C2331154700E4434B /* ApplicationCoordinator.swift in Sources */,
				D7CE2D98233222FC00E4434B /* Environment.swift in Sources */,
				D7CE2DD32332609200E4434B /* Store.swift in Sources */,
				D7CE2DA2233227D400E4434B /* Category.swift in Sources */,
				D7CE2DD7233383BF00E4434B /* CategoryCell.swift in Sources */,
				D7CE2DAB2332368300E4434B /* APIService.swift in Sources */,
				D7CE2DD123325CFD00E4434B /* CategoriesViewModel.swift in Sources */,
				D7CE2DA42332290400E4434B /* Dispatcher.swift in Sources */,
			);
			runOnlyForDeploymentPostprocessing = 0;
		};
		D7CE2D672330E64400E4434B /* Sources */ = {
			isa = PBXSourcesBuildPhase;
			buildActionMask = 2147483647;
			files = (
				D782AAD7233793DC00FC28F9 /* CartTests.swift in Sources */,
			);
			runOnlyForDeploymentPostprocessing = 0;
		};
/* End PBXSourcesBuildPhase section */

/* Begin PBXTargetDependency section */
		D7CE2D6D2330E64400E4434B /* PBXTargetDependency */ = {
			isa = PBXTargetDependency;
			target = D7CE2D542330E64200E4434B /* Swapp */;
			targetProxy = D7CE2D6C2330E64400E4434B /* PBXContainerItemProxy */;
		};
/* End PBXTargetDependency section */

/* Begin PBXVariantGroup section */
		D7CE2D5E2330E64200E4434B /* Main.storyboard */ = {
			isa = PBXVariantGroup;
			children = (
				D7CE2D5F2330E64200E4434B /* Base */,
			);
			name = Main.storyboard;
			sourceTree = "<group>";
		};
		D7CE2D632330E64400E4434B /* LaunchScreen.storyboard */ = {
			isa = PBXVariantGroup;
			children = (
				D7CE2D642330E64400E4434B /* Base */,
			);
			name = LaunchScreen.storyboard;
			sourceTree = "<group>";
		};
/* End PBXVariantGroup section */

/* Begin XCBuildConfiguration section */
		D7CE2D722330E64400E4434B /* Debug */ = {
			isa = XCBuildConfiguration;
			buildSettings = {
				ALWAYS_SEARCH_USER_PATHS = NO;
				CLANG_ANALYZER_NONNULL = YES;
				CLANG_ANALYZER_NUMBER_OBJECT_CONVERSION = YES_AGGRESSIVE;
				CLANG_CXX_LANGUAGE_STANDARD = "gnu++14";
				CLANG_CXX_LIBRARY = "libc++";
				CLANG_ENABLE_MODULES = YES;
				CLANG_ENABLE_OBJC_ARC = YES;
				CLANG_ENABLE_OBJC_WEAK = YES;
				CLANG_WARN_BLOCK_CAPTURE_AUTORELEASING = YES;
				CLANG_WARN_BOOL_CONVERSION = YES;
				CLANG_WARN_COMMA = YES;
				CLANG_WARN_CONSTANT_CONVERSION = YES;
				CLANG_WARN_DEPRECATED_OBJC_IMPLEMENTATIONS = YES;
				CLANG_WARN_DIRECT_OBJC_ISA_USAGE = YES_ERROR;
				CLANG_WARN_DOCUMENTATION_COMMENTS = YES;
				CLANG_WARN_EMPTY_BODY = YES;
				CLANG_WARN_ENUM_CONVERSION = YES;
				CLANG_WARN_INFINITE_RECURSION = YES;
				CLANG_WARN_INT_CONVERSION = YES;
				CLANG_WARN_NON_LITERAL_NULL_CONVERSION = YES;
				CLANG_WARN_OBJC_IMPLICIT_RETAIN_SELF = YES;
				CLANG_WARN_OBJC_LITERAL_CONVERSION = YES;
				CLANG_WARN_OBJC_ROOT_CLASS = YES_ERROR;
				CLANG_WARN_RANGE_LOOP_ANALYSIS = YES;
				CLANG_WARN_STRICT_PROTOTYPES = YES;
				CLANG_WARN_SUSPICIOUS_MOVE = YES;
				CLANG_WARN_UNGUARDED_AVAILABILITY = YES_AGGRESSIVE;
				CLANG_WARN_UNREACHABLE_CODE = YES;
				CLANG_WARN__DUPLICATE_METHOD_MATCH = YES;
				COPY_PHASE_STRIP = NO;
				DEBUG_INFORMATION_FORMAT = dwarf;
				ENABLE_STRICT_OBJC_MSGSEND = YES;
				ENABLE_TESTABILITY = YES;
				GCC_C_LANGUAGE_STANDARD = gnu11;
				GCC_DYNAMIC_NO_PIC = NO;
				GCC_NO_COMMON_BLOCKS = YES;
				GCC_OPTIMIZATION_LEVEL = 0;
				GCC_PREPROCESSOR_DEFINITIONS = (
					"DEBUG=1",
					"$(inherited)",
				);
				GCC_WARN_64_TO_32_BIT_CONVERSION = YES;
				GCC_WARN_ABOUT_RETURN_TYPE = YES_ERROR;
				GCC_WARN_UNDECLARED_SELECTOR = YES;
				GCC_WARN_UNINITIALIZED_AUTOS = YES_AGGRESSIVE;
				GCC_WARN_UNUSED_FUNCTION = YES;
				GCC_WARN_UNUSED_VARIABLE = YES;
				IPHONEOS_DEPLOYMENT_TARGET = 12.0;
				MTL_ENABLE_DEBUG_INFO = INCLUDE_SOURCE;
				MTL_FAST_MATH = YES;
				ONLY_ACTIVE_ARCH = YES;
				SDKROOT = iphoneos;
				SWIFT_ACTIVE_COMPILATION_CONDITIONS = DEBUG;
				SWIFT_OPTIMIZATION_LEVEL = "-Onone";
			};
			name = Debug;
		};
		D7CE2D732330E64400E4434B /* Release */ = {
			isa = XCBuildConfiguration;
			buildSettings = {
				ALWAYS_SEARCH_USER_PATHS = NO;
				CLANG_ANALYZER_NONNULL = YES;
				CLANG_ANALYZER_NUMBER_OBJECT_CONVERSION = YES_AGGRESSIVE;
				CLANG_CXX_LANGUAGE_STANDARD = "gnu++14";
				CLANG_CXX_LIBRARY = "libc++";
				CLANG_ENABLE_MODULES = YES;
				CLANG_ENABLE_OBJC_ARC = YES;
				CLANG_ENABLE_OBJC_WEAK = YES;
				CLANG_WARN_BLOCK_CAPTURE_AUTORELEASING = YES;
				CLANG_WARN_BOOL_CONVERSION = YES;
				CLANG_WARN_COMMA = YES;
				CLANG_WARN_CONSTANT_CONVERSION = YES;
				CLANG_WARN_DEPRECATED_OBJC_IMPLEMENTATIONS = YES;
				CLANG_WARN_DIRECT_OBJC_ISA_USAGE = YES_ERROR;
				CLANG_WARN_DOCUMENTATION_COMMENTS = YES;
				CLANG_WARN_EMPTY_BODY = YES;
				CLANG_WARN_ENUM_CONVERSION = YES;
				CLANG_WARN_INFINITE_RECURSION = YES;
				CLANG_WARN_INT_CONVERSION = YES;
				CLANG_WARN_NON_LITERAL_NULL_CONVERSION = YES;
				CLANG_WARN_OBJC_IMPLICIT_RETAIN_SELF = YES;
				CLANG_WARN_OBJC_LITERAL_CONVERSION = YES;
				CLANG_WARN_OBJC_ROOT_CLASS = YES_ERROR;
				CLANG_WARN_RANGE_LOOP_ANALYSIS = YES;
				CLANG_WARN_STRICT_PROTOTYPES = YES;
				CLANG_WARN_SUSPICIOUS_MOVE = YES;
				CLANG_WARN_UNGUARDED_AVAILABILITY = YES_AGGRESSIVE;
				CLANG_WARN_UNREACHABLE_CODE = YES;
				CLANG_WARN__DUPLICATE_METHOD_MATCH = YES;
				COPY_PHASE_STRIP = NO;
				DEBUG_INFORMATION_FORMAT = "dwarf-with-dsym";
				ENABLE_NS_ASSERTIONS = NO;
				ENABLE_STRICT_OBJC_MSGSEND = YES;
				GCC_C_LANGUAGE_STANDARD = gnu11;
				GCC_NO_COMMON_BLOCKS = YES;
				GCC_WARN_64_TO_32_BIT_CONVERSION = YES;
				GCC_WARN_ABOUT_RETURN_TYPE = YES_ERROR;
				GCC_WARN_UNDECLARED_SELECTOR = YES;
				GCC_WARN_UNINITIALIZED_AUTOS = YES_AGGRESSIVE;
				GCC_WARN_UNUSED_FUNCTION = YES;
				GCC_WARN_UNUSED_VARIABLE = YES;
				IPHONEOS_DEPLOYMENT_TARGET = 12.0;
				MTL_ENABLE_DEBUG_INFO = NO;
				MTL_FAST_MATH = YES;
				SDKROOT = iphoneos;
				SWIFT_COMPILATION_MODE = wholemodule;
				SWIFT_OPTIMIZATION_LEVEL = "-O";
				VALIDATE_PRODUCT = YES;
			};
			name = Release;
		};
		D7CE2D752330E64400E4434B /* Debug */ = {
			isa = XCBuildConfiguration;
			baseConfigurationReference = E8FA6C16B24DC79DE0ECF7A2 /* Pods-Swapp.debug.xcconfig */;
			buildSettings = {
				ASSETCATALOG_COMPILER_APPICON_NAME = AppIcon;
				CODE_SIGN_STYLE = Automatic;
				DEVELOPMENT_TEAM = SGAW4ZB949;
				INFOPLIST_FILE = Swapp/Info.plist;
				IPHONEOS_DEPLOYMENT_TARGET = 11.0;
				LD_RUNPATH_SEARCH_PATHS = (
					"$(inherited)",
					"@executable_path/Frameworks",
				);
				MARKETING_VERSION = 0.1;
				PRODUCT_BUNDLE_IDENTIFIER = com.swapp.delivery.app;
				PRODUCT_NAME = "$(TARGET_NAME)";
				SWIFT_VERSION = 5.0;
				TARGETED_DEVICE_FAMILY = 1;
			};
			name = Debug;
		};
		D7CE2D762330E64400E4434B /* Release */ = {
			isa = XCBuildConfiguration;
			baseConfigurationReference = 0AD2BFCB56ABE231CC7A267F /* Pods-Swapp.release.xcconfig */;
			buildSettings = {
				ASSETCATALOG_COMPILER_APPICON_NAME = AppIcon;
				CODE_SIGN_STYLE = Automatic;
				DEVELOPMENT_TEAM = SGAW4ZB949;
				INFOPLIST_FILE = Swapp/Info.plist;
				IPHONEOS_DEPLOYMENT_TARGET = 11.0;
				LD_RUNPATH_SEARCH_PATHS = (
					"$(inherited)",
					"@executable_path/Frameworks",
				);
				MARKETING_VERSION = 0.1;
				PRODUCT_BUNDLE_IDENTIFIER = com.swapp.delivery.app;
				PRODUCT_NAME = "$(TARGET_NAME)";
				SWIFT_VERSION = 5.0;
				TARGETED_DEVICE_FAMILY = 1;
			};
			name = Release;
		};
		D7CE2D782330E64400E4434B /* Debug */ = {
			isa = XCBuildConfiguration;
			baseConfigurationReference = 7C453000D5EAA2ADD9939687 /* Pods-SwappTests.debug.xcconfig */;
			buildSettings = {
				ALWAYS_EMBED_SWIFT_STANDARD_LIBRARIES = YES;
				BUNDLE_LOADER = "$(TEST_HOST)";
				CODE_SIGN_STYLE = Automatic;
				DEVELOPMENT_TEAM = SGAW4ZB949;
				INFOPLIST_FILE = SwappTests/Info.plist;
				IPHONEOS_DEPLOYMENT_TARGET = 13.0;
				LD_RUNPATH_SEARCH_PATHS = (
					"$(inherited)",
					"@executable_path/Frameworks",
					"@loader_path/Frameworks",
				);
				PRODUCT_BUNDLE_IDENTIFIER = hujaber.SwappTests;
				PRODUCT_NAME = "$(TARGET_NAME)";
				SWIFT_VERSION = 5.0;
				TARGETED_DEVICE_FAMILY = "1,2";
				TEST_HOST = "$(BUILT_PRODUCTS_DIR)/Swapp.app/Swapp";
			};
			name = Debug;
		};
		D7CE2D792330E64400E4434B /* Release */ = {
			isa = XCBuildConfiguration;
			baseConfigurationReference = 05CF8DBE00E7ACDE7574D3BD /* Pods-SwappTests.release.xcconfig */;
			buildSettings = {
				ALWAYS_EMBED_SWIFT_STANDARD_LIBRARIES = YES;
				BUNDLE_LOADER = "$(TEST_HOST)";
				CODE_SIGN_STYLE = Automatic;
				DEVELOPMENT_TEAM = SGAW4ZB949;
				INFOPLIST_FILE = SwappTests/Info.plist;
				IPHONEOS_DEPLOYMENT_TARGET = 13.0;
				LD_RUNPATH_SEARCH_PATHS = (
					"$(inherited)",
					"@executable_path/Frameworks",
					"@loader_path/Frameworks",
				);
				PRODUCT_BUNDLE_IDENTIFIER = hujaber.SwappTests;
				PRODUCT_NAME = "$(TARGET_NAME)";
				SWIFT_VERSION = 5.0;
				TARGETED_DEVICE_FAMILY = "1,2";
				TEST_HOST = "$(BUILT_PRODUCTS_DIR)/Swapp.app/Swapp";
			};
			name = Release;
		};
/* End XCBuildConfiguration section */

/* Begin XCConfigurationList section */
		D7CE2D502330E64200E4434B /* Build configuration list for PBXProject "Swapp" */ = {
			isa = XCConfigurationList;
			buildConfigurations = (
				D7CE2D722330E64400E4434B /* Debug */,
				D7CE2D732330E64400E4434B /* Release */,
			);
			defaultConfigurationIsVisible = 0;
			defaultConfigurationName = Release;
		};
		D7CE2D742330E64400E4434B /* Build configuration list for PBXNativeTarget "Swapp" */ = {
			isa = XCConfigurationList;
			buildConfigurations = (
				D7CE2D752330E64400E4434B /* Debug */,
				D7CE2D762330E64400E4434B /* Release */,
			);
			defaultConfigurationIsVisible = 0;
			defaultConfigurationName = Release;
		};
		D7CE2D772330E64400E4434B /* Build configuration list for PBXNativeTarget "SwappTests" */ = {
			isa = XCConfigurationList;
			buildConfigurations = (
				D7CE2D782330E64400E4434B /* Debug */,
				D7CE2D792330E64400E4434B /* Release */,
			);
			defaultConfigurationIsVisible = 0;
			defaultConfigurationName = Release;
		};
/* End XCConfigurationList section */
	};
	rootObject = D7CE2D4D2330E64200E4434B /* Project object */;
}
